
Microsoft Visual Studio Solution File, Format Version 12.00
# Visual Studio 2013
VisualStudioVersion = 12.0.31101.0
MinimumVisualStudioVersion = 10.0.40219.1
Project("{E24C65DC-7377-472B-9ABA-BC803B73C61A}") = "website", ".", "{602D575C-7D31-4421-8C46-BF42C6B8BD03}"
	ProjectSection(WebsiteProperties) = preProject
		TargetFrameworkMoniker = ".NETFramework,Version%3Dv4.0"
		Debug.AspNetCompiler.VirtualPath = "/accord-net.github.io"
		Debug.AspNetCompiler.PhysicalPath = "..\website\"
		Debug.AspNetCompiler.TargetPath = "PrecompiledWeb\accord-net.github.io\"
		Debug.AspNetCompiler.Updateable = "true"
		Debug.AspNetCompiler.ForceOverwrite = "true"
		Debug.AspNetCompiler.FixedNames = "false"
		Debug.AspNetCompiler.Debug = "True"
		Release.AspNetCompiler.VirtualPath = "/accord-net.github.io"
		Release.AspNetCompiler.PhysicalPath = "..\website\"
		Release.AspNetCompiler.TargetPath = "PrecompiledWeb\accord-net.github.io\"
		Release.AspNetCompiler.Updateable = "true"
		Release.AspNetCompiler.ForceOverwrite = "true"
		Release.AspNetCompiler.FixedNames = "false"
		Release.AspNetCompiler.Debug = "False"
		VWDPort = "22631"
		SlnRelativePath = "..\website\"
		DefaultWebSiteLanguage = "Visual C#"
	EndProjectSection
EndProject
Project("{FAE04EC0-301F-11D3-BF4B-00C04F79EFBC}") = "builder", "builder\builder.csproj", "{BBC4DDBD-C6EC-41FE-A7A4-9339241446E5}"
EndProject
Global
	GlobalSection(SolutionConfigurationPlatforms) = preSolution
		Debug|Any CPU = Debug|Any CPU
		Release|Any CPU = Release|Any CPU
	EndGlobalSection
	GlobalSection(ProjectConfigurationPlatforms) = postSolution
		{602D575C-7D31-4421-8C46-BF42C6B8BD03}.Debug|Any CPU.ActiveCfg = Debug|Any CPU
		{602D575C-7D31-4421-8C46-BF42C6B8BD03}.Debug|Any CPU.Build.0 = Debug|Any CPU
		{602D575C-7D31-4421-8C46-BF42C6B8BD03}.Release|Any CPU.ActiveCfg = Debug|Any CPU
		{602D575C-7D31-4421-8C46-BF42C6B8BD03}.Release|Any CPU.Build.0 = Debug|Any CPU
		{BBC4DDBD-C6EC-41FE-A7A4-9339241446E5}.Debug|Any CPU.ActiveCfg = Debug|Any CPU
		{BBC4DDBD-C6EC-41FE-A7A4-9339241446E5}.Debug|Any CPU.Build.0 = Debug|Any CPU
		{BBC4DDBD-C6EC-41FE-A7A4-9339241446E5}.Release|Any CPU.ActiveCfg = Release|Any CPU
		{BBC4DDBD-C6EC-41FE-A7A4-9339241446E5}.Release|Any CPU.Build.0 = Release|Any CPU
	EndGlobalSection
	GlobalSection(SolutionProperties) = preSolution
		HideSolutionNode = FALSE
	EndGlobalSection
EndGlobal
